{
  "lockfileVersion": 2,
  "configVersion": 1,
  "workspaces": {
    "": {
      "name": "@eyousefifar/zcode-cli",
      "devDependencies": {
        "@earendil-works/pi-tui": "0.85.1",
      },
    },
  },
  "packages": {
    "@earendil-works/pi-tui": ["@earendil-works/pi-tui@0.85.1", "", { "dependencies": { "get-east-asian-width": "1.6.0", "marked": "18.0.5" } }, "sha512-OIzw9efInmO4WOBnD4TxcTdBjmzvYJpzslkgoUro946nEGoYWg5rwv1p4fDt3/JvMx9QybryUCUwlm7j8Dreig=="],

    "get-east-asian-width": ["get-east-asian-width@1.6.0", "", {}, "sha512-QRbvDIbx6YklUe6RxeTeleMR0yv3cYH6PsPZHcnVn7xv7zO1BHN8r0XETu8n6Ye3Q+ahtSarc3WgtNWmehIBfA=="],

    "marked": ["marked@18.0.5", "", { "bin": { "marked": "bin/marked.js" } }, "sha512-S6GcvALHg6K4ohtu4E7x0a1AqhAjp6cV8KhLSyN9qVapnzJkusVBxZRcIU9AeYsbe6P1hKDusSbEOzGyyuce6w=="],
  }
}
